
Microsoft Visual Studio Solution File, Format Version 12.00
Project("{FAE04EC0-301F-11D3-BF4B-00C04F79EFBC}") = "Bajtpik", "Bajtpik\Bajtpik.csproj", "{1187BB02-E71E-49D4-8636-7B74684E9FBD}"
EndProject
Project("{FAE04EC0-301F-11D3-BF4B-00C04F79EFBC}") = "Bajtpikapp", "Bajtpikapp\Bajtpikapp.csproj", "{F0E06DD5-2F23-493E-81CB-05D9FCCC6FDB}"
EndProject
Global
	GlobalSection(SolutionConfigurationPlatforms) = preSolution
		Debug|Any CPU = Debug|Any CPU
		Release|Any CPU = Release|Any CPU
	EndGlobalSection
	GlobalSection(ProjectConfigurationPlatforms) = postSolution
		{1187BB02-E71E-49D4-8636-7B74684E9FBD}.Debug|Any CPU.ActiveCfg = Debug|Any CPU
		{1187BB02-E71E-49D4-8636-7B74684E9FBD}.Debug|Any CPU.Build.0 = Debug|Any CPU
		{1187BB02-E71E-49D4-8636-7B74684E9FBD}.Release|Any CPU.ActiveCfg = Release|Any CPU
		{1187BB02-E71E-49D4-8636-7B74684E9FBD}.Release|Any CPU.Build.0 = Release|Any CPU
		{F0E06DD5-2F23-493E-81CB-05D9FCCC6FDB}.Debug|Any CPU.ActiveCfg = Debug|Any CPU
		{F0E06DD5-2F23-493E-81CB-05D9FCCC6FDB}.Debug|Any CPU.Build.0 = Debug|Any CPU
		{F0E06DD5-2F23-493E-81CB-05D9FCCC6FDB}.Release|Any CPU.ActiveCfg = Release|Any CPU
		{F0E06DD5-2F23-493E-81CB-05D9FCCC6FDB}.Release|Any CPU.Build.0 = Release|Any CPU
	EndGlobalSection
EndGlobal
